
Microsoft Visual Studio Solution File, Format Version 12.00
# Visual Studio Version 17
VisualStudioVersion = 17.9.34723.18
MinimumVisualStudioVersion = 10.0.40219.1
Project("{9A19103F-16F7-4668-BE54-9A1E7A4F7556}") = "WebApplication1", "WebApplication1\WebApplication1.csproj", "{C6EA2C6E-1DF7-4C71-85DF-5615D9046DC0}"
EndProject
Project("{FAE04EC0-301F-11D3-BF4B-00C04F79EFBC}") = "WebApplication2", "WebApplication2\WebApplication2.csproj", "{2BFCCA10-7BBC-4B82-AFA4-8D7722B31D60}"
EndProject
Global
	GlobalSection(SolutionConfigurationPlatforms) = preSolution
		Debug|Any CPU = Debug|Any CPU
		Release|Any CPU = Release|Any CPU
	EndGlobalSection
	GlobalSection(ProjectConfigurationPlatforms) = postSolution
		{C6EA2C6E-1DF7-4C71-85DF-5615D9046DC0}.Debug|Any CPU.ActiveCfg = Debug|Any CPU
		{C6EA2C6E-1DF7-4C71-85DF-5615D9046DC0}.Debug|Any CPU.Build.0 = Debug|Any CPU
		{C6EA2C6E-1DF7-4C71-85DF-5615D9046DC0}.Release|Any CPU.ActiveCfg = Release|Any CPU
		{C6EA2C6E-1DF7-4C71-85DF-5615D9046DC0}.Release|Any CPU.Build.0 = Release|Any CPU
		{2BFCCA10-7BBC-4B82-AFA4-8D7722B31D60}.Debug|Any CPU.ActiveCfg = Debug|Any CPU
		{2BFCCA10-7BBC-4B82-AFA4-8D7722B31D60}.Debug|Any CPU.Build.0 = Debug|Any CPU
		{2BFCCA10-7BBC-4B82-AFA4-8D7722B31D60}.Release|Any CPU.ActiveCfg = Release|Any CPU
		{2BFCCA10-7BBC-4B82-AFA4-8D7722B31D60}.Release|Any CPU.Build.0 = Release|Any CPU
	EndGlobalSection
	GlobalSection(SolutionProperties) = preSolution
		HideSolutionNode = FALSE
	EndGlobalSection
	GlobalSection(ExtensibilityGlobals) = postSolution
		SolutionGuid = {B464CA54-DA75-4E87-876C-1BB68DB4B98D}
	EndGlobalSection
EndGlobal
